
Microsoft Visual Studio Solution File, Format Version 12.00
# Visual Studio 15
VisualStudioVersion = 15.0.28010.2048
MinimumVisualStudioVersion = 10.0.40219.1
Project("{FAE04EC0-301F-11D3-BF4B-00C04F79EFBC}") = "MigrateDBApp", "MigrateDBApp\MigrateDBApp.csproj", "{4574D20B-4C27-4385-924C-7F83C113FB42}"
EndProject
Global
	GlobalSection(SolutionConfigurationPlatforms) = preSolution
		Debug|Any CPU = Debug|Any CPU
		Release|Any CPU = Release|Any CPU
	EndGlobalSection
	GlobalSection(ProjectConfigurationPlatforms) = postSolution
		{4574D20B-4C27-4385-924C-7F83C113FB42}.Debug|Any CPU.ActiveCfg = Debug|Any CPU
		{4574D20B-4C27-4385-924C-7F83C113FB42}.Debug|Any CPU.Build.0 = Debug|Any CPU
		{4574D20B-4C27-4385-924C-7F83C113FB42}.Release|Any CPU.ActiveCfg = Release|Any CPU
		{4574D20B-4C27-4385-924C-7F83C113FB42}.Release|Any CPU.Build.0 = Release|Any CPU
	EndGlobalSection
	GlobalSection(SolutionProperties) = preSolution
		HideSolutionNode = FALSE
	EndGlobalSection
	GlobalSection(ExtensibilityGlobals) = postSolution
		SolutionGuid = {FEB1DE9E-D748-473E-A5D0-1BE284A391C8}
	EndGlobalSection
EndGlobal
